
Microsoft Visual Studio Solution File, Format Version 12.00
# Visual Studio Version 17
VisualStudioVersion = 17.0.31903.59
MinimumVisualStudioVersion = 10.0.40219.1
Project("{2150E333-8FDC-42A3-9474-1A3956D46DE8}") = "src", "src", "{827E0CD3-B72D-47B6-A68D-7590B98EB39B}"
EndProject
Project("{FAE04EC0-301F-11D3-BF4B-00C04F79EFBC}") = "Switcher.Contracts", "src\Switcher.Contracts\Switcher.Contracts.csproj", "{8A229B56-FB92-4D4B-8B66-0708FA70D319}"
EndProject
Project("{FAE04EC0-301F-11D3-BF4B-00C04F79EFBC}") = "Switcher.Media", "src\Switcher.Media\Switcher.Media.csproj", "{CCEFC074-7C00-4BAC-9F66-3DF2770B93E1}"
EndProject
Project("{FAE04EC0-301F-11D3-BF4B-00C04F79EFBC}") = "Switcher.Web", "src\Switcher.Web\Switcher.Web.csproj", "{7CCE405A-6020-4D9B-9FEE-E828D87659A7}"
EndProject
Project("{FAE04EC0-301F-11D3-BF4B-00C04F79EFBC}") = "Switcher.Atem", "src\Switcher.Atem\Switcher.Atem.csproj", "{89354D97-F5E6-43DE-99D5-FD1FBDD76D36}"
EndProject
Project("{FAE04EC0-301F-11D3-BF4B-00C04F79EFBC}") = "Switcher.VirtualCam", "src\Switcher.VirtualCam\Switcher.VirtualCam.csproj", "{FCD4CE03-C5F6-4016-88FA-EF08E7953F9F}"
EndProject
Project("{FAE04EC0-301F-11D3-BF4B-00C04F79EFBC}") = "Switcher.App", "src\Switcher.App\Switcher.App.csproj", "{23EBEBFB-638C-46E2-A000-F2FBC92C2761}"
EndProject
Project("{2150E333-8FDC-42A3-9474-1A3956D46DE8}") = "tests", "tests", "{0AB3BF05-4346-4AA6-1389-037BE0695223}"
EndProject
Project("{FAE04EC0-301F-11D3-BF4B-00C04F79EFBC}") = "Switcher.Contracts.Tests", "tests\Switcher.Contracts.Tests\Switcher.Contracts.Tests.csproj", "{388F6075-BA97-4593-8847-DB12B2ED34FC}"
EndProject
Project("{FAE04EC0-301F-11D3-BF4B-00C04F79EFBC}") = "Switcher.Web.Tests", "tests\Switcher.Web.Tests\Switcher.Web.Tests.csproj", "{A722A63A-A6A5-4E48-A95A-A06CF8FF0CAB}"
EndProject
Project("{FAE04EC0-301F-11D3-BF4B-00C04F79EFBC}") = "Switcher.Media.Tests", "tests\Switcher.Media.Tests\Switcher.Media.Tests.csproj", "{6742DA13-C167-485C-8DF6-A124C05745E1}"
EndProject
Project("{FAE04EC0-301F-11D3-BF4B-00C04F79EFBC}") = "Switcher.Atem.Tests", "tests\Switcher.Atem.Tests\Switcher.Atem.Tests.csproj", "{FD281909-DBE2-4E78-AD8B-00136550235B}"
EndProject
Project("{FAE04EC0-301F-11D3-BF4B-00C04F79EFBC}") = "Switcher.VirtualCam.Tests", "tests\Switcher.VirtualCam.Tests\Switcher.VirtualCam.Tests.csproj", "{129DF1D6-E85A-4F8F-8D2D-3E318FDE9CDD}"
EndProject
Global
	GlobalSection(SolutionConfigurationPlatforms) = preSolution
		Debug|Any CPU = Debug|Any CPU
		Debug|x64 = Debug|x64
		Debug|x86 = Debug|x86
		Release|Any CPU = Release|Any CPU
		Release|x64 = Release|x64
		Release|x86 = Release|x86
	EndGlobalSection
	GlobalSection(ProjectConfigurationPlatforms) = postSolution
		{8A229B56-FB92-4D4B-8B66-0708FA70D319}.Debug|Any CPU.ActiveCfg = Debug|Any CPU
		{8A229B56-FB92-4D4B-8B66-0708FA70D319}.Debug|Any CPU.Build.0 = Debug|Any CPU
		{8A229B56-FB92-4D4B-8B66-0708FA70D319}.Debug|x64.ActiveCfg = Debug|Any CPU
		{8A229B56-FB92-4D4B-8B66-0708FA70D319}.Debug|x64.Build.0 = Debug|Any CPU
		{8A229B56-FB92-4D4B-8B66-0708FA70D319}.Debug|x86.ActiveCfg = Debug|Any CPU
		{8A229B56-FB92-4D4B-8B66-0708FA70D319}.Debug|x86.Build.0 = Debug|Any CPU
		{8A229B56-FB92-4D4B-8B66-0708FA70D319}.Release|Any CPU.ActiveCfg = Release|Any CPU
		{8A229B56-FB92-4D4B-8B66-0708FA70D319}.Release|Any CPU.Build.0 = Release|Any CPU
		{8A229B56-FB92-4D4B-8B66-0708FA70D319}.Release|x64.ActiveCfg = Release|Any CPU
		{8A229B56-FB92-4D4B-8B66-0708FA70D319}.Release|x64.Build.0 = Release|Any CPU
		{8A229B56-FB92-4D4B-8B66-0708FA70D319}.Release|x86.ActiveCfg = Release|Any CPU
		{8A229B56-FB92-4D4B-8B66-0708FA70D319}.Release|x86.Build.0 = Release|Any CPU
		{CCEFC074-7C00-4BAC-9F66-3DF2770B93E1}.Debug|Any CPU.ActiveCfg = Debug|Any CPU
		{CCEFC074-7C00-4BAC-9F66-3DF2770B93E1}.Debug|Any CPU.Build.0 = Debug|Any CPU
		{CCEFC074-7C00-4BAC-9F66-3DF2770B93E1}.Debug|x64.ActiveCfg = Debug|Any CPU
		{CCEFC074-7C00-4BAC-9F66-3DF2770B93E1}.Debug|x64.Build.0 = Debug|Any CPU
		{CCEFC074-7C00-4BAC-9F66-3DF2770B93E1}.Debug|x86.ActiveCfg = Debug|Any CPU
		{CCEFC074-7C00-4BAC-9F66-3DF2770B93E1}.Debug|x86.Build.0 = Debug|Any CPU
		{CCEFC074-7C00-4BAC-9F66-3DF2770B93E1}.Release|Any CPU.ActiveCfg = Release|Any CPU
		{CCEFC074-7C00-4BAC-9F66-3DF2770B93E1}.Release|Any CPU.Build.0 = Release|Any CPU
		{CCEFC074-7C00-4BAC-9F66-3DF2770B93E1}.Release|x64.ActiveCfg = Release|Any CPU
		{CCEFC074-7C00-4BAC-9F66-3DF2770B93E1}.Release|x64.Build.0 = Release|Any CPU
		{CCEFC074-7C00-4BAC-9F66-3DF2770B93E1}.Release|x86.ActiveCfg = Release|Any CPU
		{CCEFC074-7C00-4BAC-9F66-3DF2770B93E1}.Release|x86.Build.0 = Release|Any CPU
		{7CCE405A-6020-4D9B-9FEE-E828D87659A7}.Debug|Any CPU.ActiveCfg = Debug|Any CPU
		{7CCE405A-6020-4D9B-9FEE-E828D87659A7}.Debug|Any CPU.Build.0 = Debug|Any CPU
		{7CCE405A-6020-4D9B-9FEE-E828D87659A7}.Debug|x64.ActiveCfg = Debug|Any CPU
		{7CCE405A-6020-4D9B-9FEE-E828D87659A7}.Debug|x64.Build.0 = Debug|Any CPU
		{7CCE405A-6020-4D9B-9FEE-E828D87659A7}.Debug|x86.ActiveCfg = Debug|Any CPU
		{7CCE405A-6020-4D9B-9FEE-E828D87659A7}.Debug|x86.Build.0 = Debug|Any CPU
		{7CCE405A-6020-4D9B-9FEE-E828D87659A7}.Release|Any CPU.ActiveCfg = Release|Any CPU
		{7CCE405A-6020-4D9B-9FEE-E828D87659A7}.Release|Any CPU.Build.0 = Release|Any CPU
		{7CCE405A-6020-4D9B-9FEE-E828D87659A7}.Release|x64.ActiveCfg = Release|Any CPU
		{7CCE405A-6020-4D9B-9FEE-E828D87659A7}.Release|x64.Build.0 = Release|Any CPU
		{7CCE405A-6020-4D9B-9FEE-E828D87659A7}.Release|x86.ActiveCfg = Release|Any CPU
		{7CCE405A-6020-4D9B-9FEE-E828D87659A7}.Release|x86.Build.0 = Release|Any CPU
		{89354D97-F5E6-43DE-99D5-FD1FBDD76D36}.Debug|Any CPU.ActiveCfg = Debug|Any CPU
		{89354D97-F5E6-43DE-99D5-FD1FBDD76D36}.Debug|Any CPU.Build.0 = Debug|Any CPU
		{89354D97-F5E6-43DE-99D5-FD1FBDD76D36}.Debug|x64.ActiveCfg = Debug|Any CPU
		{89354D97-F5E6-43DE-99D5-FD1FBDD76D36}.Debug|x64.Build.0 = Debug|Any CPU
		{89354D97-F5E6-43DE-99D5-FD1FBDD76D36}.Debug|x86.ActiveCfg = Debug|Any CPU
		{89354D97-F5E6-43DE-99D5-FD1FBDD76D36}.Debug|x86.Build.0 = Debug|Any CPU
		{89354D97-F5E6-43DE-99D5-FD1FBDD76D36}.Release|Any CPU.ActiveCfg = Release|Any CPU
		{89354D97-F5E6-43DE-99D5-FD1FBDD76D36}.Release|Any CPU.Build.0 = Release|Any CPU
		{89354D97-F5E6-43DE-99D5-FD1FBDD76D36}.Release|x64.ActiveCfg = Release|Any CPU
		{89354D97-F5E6-43DE-99D5-FD1FBDD76D36}.Release|x64.Build.0 = Release|Any CPU
		{89354D97-F5E6-43DE-99D5-FD1FBDD76D36}.Release|x86.ActiveCfg = Release|Any CPU
		{89354D97-F5E6-43DE-99D5-FD1FBDD76D36}.Release|x86.Build.0 = Release|Any CPU
		{FCD4CE03-C5F6-4016-88FA-EF08E7953F9F}.Debug|Any CPU.ActiveCfg = Debug|Any CPU
		{FCD4CE03-C5F6-4016-88FA-EF08E7953F9F}.Debug|Any CPU.Build.0 = Debug|Any CPU
		{FCD4CE03-C5F6-4016-88FA-EF08E7953F9F}.Debug|x64.ActiveCfg = Debug|Any CPU
		{FCD4CE03-C5F6-4016-88FA-EF08E7953F9F}.Debug|x64.Build.0 = Debug|Any CPU
		{FCD4CE03-C5F6-4016-88FA-EF08E7953F9F}.Debug|x86.ActiveCfg = Debug|Any CPU
		{FCD4CE03-C5F6-4016-88FA-EF08E7953F9F}.Debug|x86.Build.0 = Debug|Any CPU
		{FCD4CE03-C5F6-4016-88FA-EF08E7953F9F}.Release|Any CPU.ActiveCfg = Release|Any CPU
		{FCD4CE03-C5F6-4016-88FA-EF08E7953F9F}.Release|Any CPU.Build.0 = Release|Any CPU
		{FCD4CE03-C5F6-4016-88FA-EF08E7953F9F}.Release|x64.ActiveCfg = Release|Any CPU
		{FCD4CE03-C5F6-4016-88FA-EF08E7953F9F}.Release|x64.Build.0 = Release|Any CPU
		{FCD4CE03-C5F6-4016-88FA-EF08E7953F9F}.Release|x86.ActiveCfg = Release|Any CPU
		{FCD4CE03-C5F6-4016-88FA-EF08E7953F9F}.Release|x86.Build.0 = Release|Any CPU
		{23EBEBFB-638C-46E2-A000-F2FBC92C2761}.Debug|Any CPU.ActiveCfg = Debug|Any CPU
		{23EBEBFB-638C-46E2-A000-F2FBC92C2761}.Debug|Any CPU.Build.0 = Debug|Any CPU
		{23EBEBFB-638C-46E2-A000-F2FBC92C2761}.Debug|x64.ActiveCfg = Debug|Any CPU
		{23EBEBFB-638C-46E2-A000-F2FBC92C2761}.Debug|x64.Build.0 = Debug|Any CPU
		{23EBEBFB-638C-46E2-A000-F2FBC92C2761}.Debug|x86.ActiveCfg = Debug|Any CPU
		{23EBEBFB-638C-46E2-A000-F2FBC92C2761}.Debug|x86.Build.0 = Debug|Any CPU
		{23EBEBFB-638C-46E2-A000-F2FBC92C2761}.Release|Any CPU.ActiveCfg = Release|Any CPU
		{23EBEBFB-638C-46E2-A000-F2FBC92C2761}.Release|Any CPU.Build.0 = Release|Any CPU
		{23EBEBFB-638C-46E2-A000-F2FBC92C2761}.Release|x64.ActiveCfg = Release|Any CPU
		{23EBEBFB-638C-46E2-A000-F2FBC92C2761}.Release|x64.Build.0 = Release|Any CPU
		{23EBEBFB-638C-46E2-A000-F2FBC92C2761}.Release|x86.ActiveCfg = Release|Any CPU
		{23EBEBFB-638C-46E2-A000-F2FBC92C2761}.Release|x86.Build.0 = Release|Any CPU
		{388F6075-BA97-4593-8847-DB12B2ED34FC}.Debug|Any CPU.ActiveCfg = Debug|Any CPU
		{388F6075-BA97-4593-8847-DB12B2ED34FC}.Debug|Any CPU.Build.0 = Debug|Any CPU
		{388F6075-BA97-4593-8847-DB12B2ED34FC}.Debug|x64.ActiveCfg = Debug|Any CPU
		{388F6075-BA97-4593-8847-DB12B2ED34FC}.Debug|x64.Build.0 = Debug|Any CPU
		{388F6075-BA97-4593-8847-DB12B2ED34FC}.Debug|x86.ActiveCfg = Debug|Any CPU
		{388F6075-BA97-4593-8847-DB12B2ED34FC}.Debug|x86.Build.0 = Debug|Any CPU
		{388F6075-BA97-4593-8847-DB12B2ED34FC}.Release|Any CPU.ActiveCfg = Release|Any CPU
		{388F6075-BA97-4593-8847-DB12B2ED34FC}.Release|Any CPU.Build.0 = Release|Any CPU
		{388F6075-BA97-4593-8847-DB12B2ED34FC}.Release|x64.ActiveCfg = Release|Any CPU
		{388F6075-BA97-4593-8847-DB12B2ED34FC}.Release|x64.Build.0 = Release|Any CPU
		{388F6075-BA97-4593-8847-DB12B2ED34FC}.Release|x86.ActiveCfg = Release|Any CPU
		{388F6075-BA97-4593-8847-DB12B2ED34FC}.Release|x86.Build.0 = Release|Any CPU
		{A722A63A-A6A5-4E48-A95A-A06CF8FF0CAB}.Debug|Any CPU.ActiveCfg = Debug|Any CPU
		{A722A63A-A6A5-4E48-A95A-A06CF8FF0CAB}.Debug|Any CPU.Build.0 = Debug|Any CPU
		{A722A63A-A6A5-4E48-A95A-A06CF8FF0CAB}.Debug|x64.ActiveCfg = Debug|Any CPU
		{A722A63A-A6A5-4E48-A95A-A06CF8FF0CAB}.Debug|x64.Build.0 = Debug|Any CPU
		{A722A63A-A6A5-4E48-A95A-A06CF8FF0CAB}.Debug|x86.ActiveCfg = Debug|Any CPU
		{A722A63A-A6A5-4E48-A95A-A06CF8FF0CAB}.Debug|x86.Build.0 = Debug|Any CPU
		{A722A63A-A6A5-4E48-A95A-A06CF8FF0CAB}.Release|Any CPU.ActiveCfg = Release|Any CPU
		{A722A63A-A6A5-4E48-A95A-A06CF8FF0CAB}.Release|Any CPU.Build.0 = Release|Any CPU
		{A722A63A-A6A5-4E48-A95A-A06CF8FF0CAB}.Release|x64.ActiveCfg = Release|Any CPU
		{A722A63A-A6A5-4E48-A95A-A06CF8FF0CAB}.Release|x64.Build.0 = Release|Any CPU
		{A722A63A-A6A5-4E48-A95A-A06CF8FF0CAB}.Release|x86.ActiveCfg = Release|Any CPU
		{A722A63A-A6A5-4E48-A95A-A06CF8FF0CAB}.Release|x86.Build.0 = Release|Any CPU
		{6742DA13-C167-485C-8DF6-A124C05745E1}.Debug|Any CPU.ActiveCfg = Debug|Any CPU
		{6742DA13-C167-485C-8DF6-A124C05745E1}.Debug|Any CPU.Build.0 = Debug|Any CPU
		{6742DA13-C167-485C-8DF6-A124C05745E1}.Debug|x64.ActiveCfg = Debug|Any CPU
		{6742DA13-C167-485C-8DF6-A124C05745E1}.Debug|x64.Build.0 = Debug|Any CPU
		{6742DA13-C167-485C-8DF6-A124C05745E1}.Debug|x86.ActiveCfg = Debug|Any CPU
		{6742DA13-C167-485C-8DF6-A124C05745E1}.Debug|x86.Build.0 = Debug|Any CPU
		{6742DA13-C167-485C-8DF6-A124C05745E1}.Release|Any CPU.ActiveCfg = Release|Any CPU
		{6742DA13-C167-485C-8DF6-A124C05745E1}.Release|Any CPU.Build.0 = Release|Any CPU
		{6742DA13-C167-485C-8DF6-A124C05745E1}.Release|x64.ActiveCfg = Release|Any CPU
		{6742DA13-C167-485C-8DF6-A124C05745E1}.Release|x64.Build.0 = Release|Any CPU
		{6742DA13-C167-485C-8DF6-A124C05745E1}.Release|x86.ActiveCfg = Release|Any CPU
		{6742DA13-C167-485C-8DF6-A124C05745E1}.Release|x86.Build.0 = Release|Any CPU
		{FD281909-DBE2-4E78-AD8B-00136550235B}.Debug|Any CPU.ActiveCfg = Debug|Any CPU
		{FD281909-DBE2-4E78-AD8B-00136550235B}.Debug|Any CPU.Build.0 = Debug|Any CPU
		{FD281909-DBE2-4E78-AD8B-00136550235B}.Debug|x64.ActiveCfg = Debug|Any CPU
		{FD281909-DBE2-4E78-AD8B-00136550235B}.Debug|x64.Build.0 = Debug|Any CPU
		{FD281909-DBE2-4E78-AD8B-00136550235B}.Debug|x86.ActiveCfg = Debug|Any CPU
		{FD281909-DBE2-4E78-AD8B-00136550235B}.Debug|x86.Build.0 = Debug|Any CPU
		{FD281909-DBE2-4E78-AD8B-00136550235B}.Release|Any CPU.ActiveCfg = Release|Any CPU
		{FD281909-DBE2-4E78-AD8B-00136550235B}.Release|Any CPU.Build.0 = Release|Any CPU
		{FD281909-DBE2-4E78-AD8B-00136550235B}.Release|x64.ActiveCfg = Release|Any CPU
		{FD281909-DBE2-4E78-AD8B-00136550235B}.Release|x64.Build.0 = Release|Any CPU
		{FD281909-DBE2-4E78-AD8B-00136550235B}.Release|x86.ActiveCfg = Release|Any CPU
		{FD281909-DBE2-4E78-AD8B-00136550235B}.Release|x86.Build.0 = Release|Any CPU
		{129DF1D6-E85A-4F8F-8D2D-3E318FDE9CDD}.Debug|Any CPU.ActiveCfg = Debug|Any CPU
		{129DF1D6-E85A-4F8F-8D2D-3E318FDE9CDD}.Debug|Any CPU.Build.0 = Debug|Any CPU
		{129DF1D6-E85A-4F8F-8D2D-3E318FDE9CDD}.Debug|x64.ActiveCfg = Debug|Any CPU
		{129DF1D6-E85A-4F8F-8D2D-3E318FDE9CDD}.Debug|x64.Build.0 = Debug|Any CPU
		{129DF1D6-E85A-4F8F-8D2D-3E318FDE9CDD}.Debug|x86.ActiveCfg = Debug|Any CPU
		{129DF1D6-E85A-4F8F-8D2D-3E318FDE9CDD}.Debug|x86.Build.0 = Debug|Any CPU
		{129DF1D6-E85A-4F8F-8D2D-3E318FDE9CDD}.Release|Any CPU.ActiveCfg = Release|Any CPU
		{129DF1D6-E85A-4F8F-8D2D-3E318FDE9CDD}.Release|Any CPU.Build.0 = Release|Any CPU
		{129DF1D6-E85A-4F8F-8D2D-3E318FDE9CDD}.Release|x64.ActiveCfg = Release|Any CPU
		{129DF1D6-E85A-4F8F-8D2D-3E318FDE9CDD}.Release|x64.Build.0 = Release|Any CPU
		{129DF1D6-E85A-4F8F-8D2D-3E318FDE9CDD}.Release|x86.ActiveCfg = Release|Any CPU
		{129DF1D6-E85A-4F8F-8D2D-3E318FDE9CDD}.Release|x86.Build.0 = Release|Any CPU
	EndGlobalSection
	GlobalSection(SolutionProperties) = preSolution
		HideSolutionNode = FALSE
	EndGlobalSection
	GlobalSection(NestedProjects) = preSolution
		{8A229B56-FB92-4D4B-8B66-0708FA70D319} = {827E0CD3-B72D-47B6-A68D-7590B98EB39B}
		{CCEFC074-7C00-4BAC-9F66-3DF2770B93E1} = {827E0CD3-B72D-47B6-A68D-7590B98EB39B}
		{7CCE405A-6020-4D9B-9FEE-E828D87659A7} = {827E0CD3-B72D-47B6-A68D-7590B98EB39B}
		{89354D97-F5E6-43DE-99D5-FD1FBDD76D36} = {827E0CD3-B72D-47B6-A68D-7590B98EB39B}
		{FCD4CE03-C5F6-4016-88FA-EF08E7953F9F} = {827E0CD3-B72D-47B6-A68D-7590B98EB39B}
		{23EBEBFB-638C-46E2-A000-F2FBC92C2761} = {827E0CD3-B72D-47B6-A68D-7590B98EB39B}
		{388F6075-BA97-4593-8847-DB12B2ED34FC} = {0AB3BF05-4346-4AA6-1389-037BE0695223}
		{A722A63A-A6A5-4E48-A95A-A06CF8FF0CAB} = {0AB3BF05-4346-4AA6-1389-037BE0695223}
		{6742DA13-C167-485C-8DF6-A124C05745E1} = {0AB3BF05-4346-4AA6-1389-037BE0695223}
		{FD281909-DBE2-4E78-AD8B-00136550235B} = {0AB3BF05-4346-4AA6-1389-037BE0695223}
		{129DF1D6-E85A-4F8F-8D2D-3E318FDE9CDD} = {0AB3BF05-4346-4AA6-1389-037BE0695223}
	EndGlobalSection
EndGlobal
